
Microsoft Visual Studio Solution File, Format Version 12.00
# Visual Studio Version 16
VisualStudioVersion = 16.0.31025.194
MinimumVisualStudioVersion = 10.0.40219.1
Project("{FAE04EC0-301F-11D3-BF4B-00C04F79EFBC}") = "TradingAPI", "TradingAPI.csproj", "{B53BA836-C069-4A19-BA7B-0F5BAEA5700B}"
EndProject
Global
	GlobalSection(SolutionConfigurationPlatforms) = preSolution
		Debug|Any CPU = Debug|Any CPU
		Release|Any CPU = Release|Any CPU
	EndGlobalSection
	GlobalSection(ProjectConfigurationPlatforms) = postSolution
		{B53BA836-C069-4A19-BA7B-0F5BAEA5700B}.Debug|Any CPU.ActiveCfg = Debug|Any CPU
		{B53BA836-C069-4A19-BA7B-0F5BAEA5700B}.Debug|Any CPU.Build.0 = Debug|Any CPU
		{B53BA836-C069-4A19-BA7B-0F5BAEA5700B}.Release|Any CPU.ActiveCfg = Release|Any CPU
		{B53BA836-C069-4A19-BA7B-0F5BAEA5700B}.Release|Any CPU.Build.0 = Release|Any CPU
	EndGlobalSection
	GlobalSection(SolutionProperties) = preSolution
		HideSolutionNode = FALSE
	EndGlobalSection
	GlobalSection(ExtensibilityGlobals) = postSolution
		SolutionGuid = {CD813EE4-D11C-4DBF-AB79-AF8C2CEBFAB8}
	EndGlobalSection
EndGlobal
